{
  "name": "npm-learning-stash",
  "version": "1.0.0",
  "lockfileVersion": 3,
  "requires": true,
  "packages": {
    "": {
      "name": "npm-learning-stash",
      "version": "1.0.0",
      "license": "ISC",
      "dependencies": {
        "lodash": "^4.17.3"
      }
    },
    "node_modules/lodash": {
      "version": "4.17.3",
      "resolved": "https://registry.npmjs.org/lodash/-/lodash-4.17.3.tgz",
      "integrity": "sha512-H+sg4+uBLOBrw9833P6gCURJjV+puWPbxM8S3H4ORlhVCmQpF5yCE50bc4Exaqm9U5Nhjw83Okq1azyb1U7mxw=="
    }
  }
}
